
Microsoft Visual Studio Solution File, Format Version 12.00
# Visual Studio Version 16
VisualStudioVersion = 16.0.28803.352
MinimumVisualStudioVersion = 10.0.40219.1
Project("{FAE04EC0-301F-11D3-BF4B-00C04F79EFBC}") = "FirstWeb", "FirstWeb\FirstWeb.csproj", "{FB9877A1-C333-4C2A-BA57-1480AF7741FC}"
EndProject
Project("{FAE04EC0-301F-11D3-BF4B-00C04F79EFBC}") = "FirstWeb.Tests", "FirstWeb.Tests\FirstWeb.Tests.csproj", "{C7A1D966-C5CD-4FF8-BCD1-0628816367FC}"
EndProject
Global
	GlobalSection(SolutionConfigurationPlatforms) = preSolution
		Debug|Any CPU = Debug|Any CPU
		Release|Any CPU = Release|Any CPU
	EndGlobalSection
	GlobalSection(ProjectConfigurationPlatforms) = postSolution
		{FB9877A1-C333-4C2A-BA57-1480AF7741FC}.Debug|Any CPU.ActiveCfg = Debug|Any CPU
		{FB9877A1-C333-4C2A-BA57-1480AF7741FC}.Debug|Any CPU.Build.0 = Debug|Any CPU
		{FB9877A1-C333-4C2A-BA57-1480AF7741FC}.Release|Any CPU.ActiveCfg = Release|Any CPU
		{FB9877A1-C333-4C2A-BA57-1480AF7741FC}.Release|Any CPU.Build.0 = Release|Any CPU
		{C7A1D966-C5CD-4FF8-BCD1-0628816367FC}.Debug|Any CPU.ActiveCfg = Debug|Any CPU
		{C7A1D966-C5CD-4FF8-BCD1-0628816367FC}.Debug|Any CPU.Build.0 = Debug|Any CPU
		{C7A1D966-C5CD-4FF8-BCD1-0628816367FC}.Release|Any CPU.ActiveCfg = Release|Any CPU
		{C7A1D966-C5CD-4FF8-BCD1-0628816367FC}.Release|Any CPU.Build.0 = Release|Any CPU
	EndGlobalSection
	GlobalSection(SolutionProperties) = preSolution
		HideSolutionNode = FALSE
	EndGlobalSection
	GlobalSection(ExtensibilityGlobals) = postSolution
		SolutionGuid = {F39E80DB-83BD-47F6-B9CB-BC4ED9250B87}
	EndGlobalSection
EndGlobal
